
Microsoft Visual Studio Solution File, Format Version 12.00
# Visual Studio 15
VisualStudioVersion = 15.0.28307.102
MinimumVisualStudioVersion = 10.0.40219.1
Project("{FAE04EC0-301F-11D3-BF4B-00C04F79EFBC}") = "Layeetsta", "Layeetsta\Layeetsta.csproj", "{BD0EC2B8-AA6F-4A08-B9A9-88D9D78BEDB9}"
EndProject
Global
	GlobalSection(SolutionConfigurationPlatforms) = preSolution
		Debug|Any CPU = Debug|Any CPU
		Release|Any CPU = Release|Any CPU
	EndGlobalSection
	GlobalSection(ProjectConfigurationPlatforms) = postSolution
		{BD0EC2B8-AA6F-4A08-B9A9-88D9D78BEDB9}.Debug|Any CPU.ActiveCfg = Debug|Any CPU
		{BD0EC2B8-AA6F-4A08-B9A9-88D9D78BEDB9}.Debug|Any CPU.Build.0 = Debug|Any CPU
		{BD0EC2B8-AA6F-4A08-B9A9-88D9D78BEDB9}.Release|Any CPU.ActiveCfg = Release|Any CPU
		{BD0EC2B8-AA6F-4A08-B9A9-88D9D78BEDB9}.Release|Any CPU.Build.0 = Release|Any CPU
	EndGlobalSection
	GlobalSection(SolutionProperties) = preSolution
		HideSolutionNode = FALSE
	EndGlobalSection
	GlobalSection(ExtensibilityGlobals) = postSolution
		SolutionGuid = {087016D5-E961-494B-AA0C-A5879C226086}
	EndGlobalSection
EndGlobal
